
Microsoft Visual Studio Solution File, Format Version 12.00
# Visual Studio Version 16
VisualStudioVersion = 16.0.29215.179
MinimumVisualStudioVersion = 10.0.40219.1
Project("{9A19103F-16F7-4668-BE54-9A1E7A4F7556}") = "Unities Sunstore.19.98", "Unities Sunstore.19.98.csproj", "{8AB33AA0-ED6A-4253-872C-12F72A0C6FAA}"
EndProject
Project("{FAE04EC0-301F-11D3-BF4B-00C04F79EFBC}") = "LearnJapanese", "..\..\Quiz-Quiz-Quiz\LearnJapanese\LearnJapanese.csproj", "{20E829F9-6C21-4BF0-89AC-9B7BD11CCECD}"
EndProject
Global
	GlobalSection(SolutionConfigurationPlatforms) = preSolution
		Debug|Any CPU = Debug|Any CPU
		Debug|x64 = Debug|x64
		Release|Any CPU = Release|Any CPU
		Release|x64 = Release|x64
	EndGlobalSection
	GlobalSection(ProjectConfigurationPlatforms) = postSolution
		{8AB33AA0-ED6A-4253-872C-12F72A0C6FAA}.Debug|Any CPU.ActiveCfg = Debug|Any CPU
		{8AB33AA0-ED6A-4253-872C-12F72A0C6FAA}.Debug|Any CPU.Build.0 = Debug|Any CPU
		{8AB33AA0-ED6A-4253-872C-12F72A0C6FAA}.Debug|x64.ActiveCfg = Debug|Any CPU
		{8AB33AA0-ED6A-4253-872C-12F72A0C6FAA}.Debug|x64.Build.0 = Debug|Any CPU
		{8AB33AA0-ED6A-4253-872C-12F72A0C6FAA}.Release|Any CPU.ActiveCfg = Release|Any CPU
		{8AB33AA0-ED6A-4253-872C-12F72A0C6FAA}.Release|Any CPU.Build.0 = Release|Any CPU
		{8AB33AA0-ED6A-4253-872C-12F72A0C6FAA}.Release|x64.ActiveCfg = Release|Any CPU
		{8AB33AA0-ED6A-4253-872C-12F72A0C6FAA}.Release|x64.Build.0 = Release|Any CPU
		{20E829F9-6C21-4BF0-89AC-9B7BD11CCECD}.Debug|Any CPU.ActiveCfg = Debug|Any CPU
		{20E829F9-6C21-4BF0-89AC-9B7BD11CCECD}.Debug|Any CPU.Build.0 = Debug|Any CPU
		{20E829F9-6C21-4BF0-89AC-9B7BD11CCECD}.Debug|x64.ActiveCfg = Debug|x64
		{20E829F9-6C21-4BF0-89AC-9B7BD11CCECD}.Debug|x64.Build.0 = Debug|x64
		{20E829F9-6C21-4BF0-89AC-9B7BD11CCECD}.Release|Any CPU.ActiveCfg = Release|Any CPU
		{20E829F9-6C21-4BF0-89AC-9B7BD11CCECD}.Release|Any CPU.Build.0 = Release|Any CPU
		{20E829F9-6C21-4BF0-89AC-9B7BD11CCECD}.Release|x64.ActiveCfg = Release|x64
		{20E829F9-6C21-4BF0-89AC-9B7BD11CCECD}.Release|x64.Build.0 = Release|x64
	EndGlobalSection
	GlobalSection(SolutionProperties) = preSolution
		HideSolutionNode = FALSE
	EndGlobalSection
	GlobalSection(ExtensibilityGlobals) = postSolution
		SolutionGuid = {974E17C2-3ECF-491F-B47C-9D598AC8C57C}
	EndGlobalSection
EndGlobal
