
Microsoft Visual Studio Solution File, Format Version 12.00
# Visual Studio Version 16
VisualStudioVersion = 16.0.29215.179
MinimumVisualStudioVersion = 10.0.40219.1
Project("{FAE04EC0-301F-11D3-BF4B-00C04F79EFBC}") = "Unities Sunstore.19.98", "Unities Sunstore.19.98\Unities Sunstore.19.98.csproj", "{FE87109F-3022-4AC5-AB4B-2236150BA3DC}"
EndProject
Global
	GlobalSection(SolutionConfigurationPlatforms) = preSolution
		Debug|Any CPU = Debug|Any CPU
		Release|Any CPU = Release|Any CPU
	EndGlobalSection
	GlobalSection(ProjectConfigurationPlatforms) = postSolution
		{FE87109F-3022-4AC5-AB4B-2236150BA3DC}.Debug|Any CPU.ActiveCfg = Debug|Any CPU
		{FE87109F-3022-4AC5-AB4B-2236150BA3DC}.Debug|Any CPU.Build.0 = Debug|Any CPU
		{FE87109F-3022-4AC5-AB4B-2236150BA3DC}.Release|Any CPU.ActiveCfg = Release|Any CPU
		{FE87109F-3022-4AC5-AB4B-2236150BA3DC}.Release|Any CPU.Build.0 = Release|Any CPU
	EndGlobalSection
	GlobalSection(SolutionProperties) = preSolution
		HideSolutionNode = FALSE
	EndGlobalSection
	GlobalSection(ExtensibilityGlobals) = postSolution
		SolutionGuid = {974E17C2-3ECF-491F-B47C-9D598AC8C57C}
	EndGlobalSection
EndGlobal
